
Microsoft Visual Studio Solution File, Format Version 12.00
# Visual Studio Version 16
VisualStudioVersion = 16.0.31605.320
MinimumVisualStudioVersion = 10.0.40219.1
Project("{FAE04EC0-301F-11D3-BF4B-00C04F79EFBC}") = "ConsoleApp2", "ConsoleApp2\ConsoleApp2.csproj", "{A991A74A-40C4-4092-A386-D500E3A2BFD9}"
EndProject
Global
	GlobalSection(SolutionConfigurationPlatforms) = preSolution
		Debug|Any CPU = Debug|Any CPU
		Release|Any CPU = Release|Any CPU
	EndGlobalSection
	GlobalSection(ProjectConfigurationPlatforms) = postSolution
		{A991A74A-40C4-4092-A386-D500E3A2BFD9}.Debug|Any CPU.ActiveCfg = Debug|Any CPU
		{A991A74A-40C4-4092-A386-D500E3A2BFD9}.Debug|Any CPU.Build.0 = Debug|Any CPU
		{A991A74A-40C4-4092-A386-D500E3A2BFD9}.Release|Any CPU.ActiveCfg = Release|Any CPU
		{A991A74A-40C4-4092-A386-D500E3A2BFD9}.Release|Any CPU.Build.0 = Release|Any CPU
	EndGlobalSection
	GlobalSection(SolutionProperties) = preSolution
		HideSolutionNode = FALSE
	EndGlobalSection
	GlobalSection(ExtensibilityGlobals) = postSolution
		SolutionGuid = {39B754E0-03B1-4302-B16B-BF28CC8BD79A}
	EndGlobalSection
EndGlobal
