
Microsoft Visual Studio Solution File, Format Version 12.00
# Visual Studio Version 16
VisualStudioVersion = 16.0.30804.86
MinimumVisualStudioVersion = 10.0.40219.1
Project("{FAE04EC0-301F-11D3-BF4B-00C04F79EFBC}") = "WpfAlive", "WpfAlive\WpfAlive.csproj", "{125E881C-BA53-4401-A7D6-6A84D2D97CC3}"
EndProject
Global
	GlobalSection(SolutionConfigurationPlatforms) = preSolution
		Debug|Any CPU = Debug|Any CPU
		Release|Any CPU = Release|Any CPU
	EndGlobalSection
	GlobalSection(ProjectConfigurationPlatforms) = postSolution
		{125E881C-BA53-4401-A7D6-6A84D2D97CC3}.Debug|Any CPU.ActiveCfg = Debug|Any CPU
		{125E881C-BA53-4401-A7D6-6A84D2D97CC3}.Debug|Any CPU.Build.0 = Debug|Any CPU
		{125E881C-BA53-4401-A7D6-6A84D2D97CC3}.Release|Any CPU.ActiveCfg = Release|Any CPU
		{125E881C-BA53-4401-A7D6-6A84D2D97CC3}.Release|Any CPU.Build.0 = Release|Any CPU
	EndGlobalSection
	GlobalSection(SolutionProperties) = preSolution
		HideSolutionNode = FALSE
	EndGlobalSection
	GlobalSection(ExtensibilityGlobals) = postSolution
		SolutionGuid = {383FEEC4-C6A5-47E6-9458-5AFE91A4D5C8}
	EndGlobalSection
EndGlobal
