
Microsoft Visual Studio Solution File, Format Version 12.00
# Visual Studio Version 16
VisualStudioVersion = 16.0.30523.141
MinimumVisualStudioVersion = 10.0.40219.1
Project("{FAE04EC0-301F-11D3-BF4B-00C04F79EFBC}") = "XMLSerializator", "XMLSerializator\XMLSerializator.csproj", "{AEC365FE-7FA8-4718-8F94-68DF1FBD72B7}"
EndProject
Global
	GlobalSection(SolutionConfigurationPlatforms) = preSolution
		Debug|Any CPU = Debug|Any CPU
		Release|Any CPU = Release|Any CPU
	EndGlobalSection
	GlobalSection(ProjectConfigurationPlatforms) = postSolution
		{AEC365FE-7FA8-4718-8F94-68DF1FBD72B7}.Debug|Any CPU.ActiveCfg = Debug|Any CPU
		{AEC365FE-7FA8-4718-8F94-68DF1FBD72B7}.Debug|Any CPU.Build.0 = Debug|Any CPU
		{AEC365FE-7FA8-4718-8F94-68DF1FBD72B7}.Release|Any CPU.ActiveCfg = Release|Any CPU
		{AEC365FE-7FA8-4718-8F94-68DF1FBD72B7}.Release|Any CPU.Build.0 = Release|Any CPU
	EndGlobalSection
	GlobalSection(SolutionProperties) = preSolution
		HideSolutionNode = FALSE
	EndGlobalSection
	GlobalSection(ExtensibilityGlobals) = postSolution
		SolutionGuid = {E7F46F84-2E9A-4094-8900-8A6866FC8CD8}
	EndGlobalSection
EndGlobal
