
Microsoft Visual Studio Solution File, Format Version 12.00
# Visual Studio Version 16
VisualStudioVersion = 16.0.31605.320
MinimumVisualStudioVersion = 10.0.40219.1
Project("{FAE04EC0-301F-11D3-BF4B-00C04F79EFBC}") = "ConsoleApp1", "ConsoleApp1\ConsoleApp1.csproj", "{170210ED-81E6-449E-9B9A-2149F4CEC649}"
EndProject
Global
	GlobalSection(SolutionConfigurationPlatforms) = preSolution
		Debug|Any CPU = Debug|Any CPU
		Release|Any CPU = Release|Any CPU
	EndGlobalSection
	GlobalSection(ProjectConfigurationPlatforms) = postSolution
		{170210ED-81E6-449E-9B9A-2149F4CEC649}.Debug|Any CPU.ActiveCfg = Debug|Any CPU
		{170210ED-81E6-449E-9B9A-2149F4CEC649}.Debug|Any CPU.Build.0 = Debug|Any CPU
		{170210ED-81E6-449E-9B9A-2149F4CEC649}.Release|Any CPU.ActiveCfg = Release|Any CPU
		{170210ED-81E6-449E-9B9A-2149F4CEC649}.Release|Any CPU.Build.0 = Release|Any CPU
	EndGlobalSection
	GlobalSection(SolutionProperties) = preSolution
		HideSolutionNode = FALSE
	EndGlobalSection
	GlobalSection(ExtensibilityGlobals) = postSolution
		SolutionGuid = {F2271151-62FE-4B6C-9F50-5D28D07F4A62}
	EndGlobalSection
EndGlobal
